
Microsoft Visual Studio Solution File, Format Version 12.00
# Visual Studio Version 17
VisualStudioVersion = 17.6.33829.357
MinimumVisualStudioVersion = 10.0.40219.1
Project("{FAE04EC0-301F-11D3-BF4B-00C04F79EFBC}") = "Livraria", "Livraria.csproj", "{EEBE05A3-E227-4B28-BF67-02D614D0450A}"
EndProject
Global
	GlobalSection(SolutionConfigurationPlatforms) = preSolution
		Debug|Any CPU = Debug|Any CPU
		Release|Any CPU = Release|Any CPU
	EndGlobalSection
	GlobalSection(ProjectConfigurationPlatforms) = postSolution
		{EEBE05A3-E227-4B28-BF67-02D614D0450A}.Debug|Any CPU.ActiveCfg = Debug|Any CPU
		{EEBE05A3-E227-4B28-BF67-02D614D0450A}.Debug|Any CPU.Build.0 = Debug|Any CPU
		{EEBE05A3-E227-4B28-BF67-02D614D0450A}.Release|Any CPU.ActiveCfg = Release|Any CPU
		{EEBE05A3-E227-4B28-BF67-02D614D0450A}.Release|Any CPU.Build.0 = Release|Any CPU
	EndGlobalSection
	GlobalSection(SolutionProperties) = preSolution
		HideSolutionNode = FALSE
	EndGlobalSection
	GlobalSection(ExtensibilityGlobals) = postSolution
		SolutionGuid = {9437BD11-4E6F-46B5-9548-E0EA66D2F661}
	EndGlobalSection
EndGlobal
